
Microsoft Visual Studio Solution File, Format Version 12.00
# Visual Studio Version 17
VisualStudioVersion = 17.4.33205.214
MinimumVisualStudioVersion = 10.0.40219.1
Project("{FAE04EC0-301F-11D3-BF4B-00C04F79EFBC}") = "TextClassificationUsingBert", "TextClassificationUsingBert\TextClassificationUsingBert.csproj", "{B0A79CFF-EBE5-4DD0-8DBA-6E755869F5EB}"
EndProject
Global
	GlobalSection(SolutionConfigurationPlatforms) = preSolution
		Debug|Any CPU = Debug|Any CPU
		Release|Any CPU = Release|Any CPU
	EndGlobalSection
	GlobalSection(ProjectConfigurationPlatforms) = postSolution
		{B0A79CFF-EBE5-4DD0-8DBA-6E755869F5EB}.Debug|Any CPU.ActiveCfg = Debug|Any CPU
		{B0A79CFF-EBE5-4DD0-8DBA-6E755869F5EB}.Debug|Any CPU.Build.0 = Debug|Any CPU
		{B0A79CFF-EBE5-4DD0-8DBA-6E755869F5EB}.Release|Any CPU.ActiveCfg = Release|Any CPU
		{B0A79CFF-EBE5-4DD0-8DBA-6E755869F5EB}.Release|Any CPU.Build.0 = Release|Any CPU
	EndGlobalSection
	GlobalSection(SolutionProperties) = preSolution
		HideSolutionNode = FALSE
	EndGlobalSection
	GlobalSection(ExtensibilityGlobals) = postSolution
		SolutionGuid = {E279EC67-2157-4367-AD01-89471798B36E}
	EndGlobalSection
EndGlobal
